
Microsoft Visual Studio Solution File, Format Version 12.00
# Visual Studio Version 17
VisualStudioVersion = 17.1.32210.238
MinimumVisualStudioVersion = 10.0.40219.1
Project("{9A19103F-16F7-4668-BE54-9A1E7A4F7556}") = "EFFastCrud", "EFFastCrud\EFFastCrud.csproj", "{AC41A479-83C1-44D0-B8ED-61E17B868BA7}"
EndProject
Project("{9A19103F-16F7-4668-BE54-9A1E7A4F7556}") = "EFFastCrud.Domain", "EFFastCrud.Domain\EFFastCrud.Domain.csproj", "{65018817-5B83-42DD-8618-07416168A5DE}"
EndProject
Project("{9A19103F-16F7-4668-BE54-9A1E7A4F7556}") = "EFFastCrud.Data", "EFFastCrud.Data\EFFastCrud.Data.csproj", "{16AC53A1-AD05-4904-A35C-B30C084B4E74}"
EndProject
Project("{9A19103F-16F7-4668-BE54-9A1E7A4F7556}") = "EFFastCrud.Service", "EFFastCrud.Service\EFFastCrud.Service.csproj", "{C24C55D5-F961-4B3B-809D-E308FF89844D}"
EndProject
Project("{FAE04EC0-301F-11D3-BF4B-00C04F79EFBC}") = "ClassLibrary1", "ClassLibrary1\ClassLibrary1.csproj", "{59848C68-4E39-4933-AD8D-7458198DD9A5}"
EndProject
Global
	GlobalSection(SolutionConfigurationPlatforms) = preSolution
		Debug|Any CPU = Debug|Any CPU
		Release|Any CPU = Release|Any CPU
	EndGlobalSection
	GlobalSection(ProjectConfigurationPlatforms) = postSolution
		{AC41A479-83C1-44D0-B8ED-61E17B868BA7}.Debug|Any CPU.ActiveCfg = Debug|Any CPU
		{AC41A479-83C1-44D0-B8ED-61E17B868BA7}.Debug|Any CPU.Build.0 = Debug|Any CPU
		{AC41A479-83C1-44D0-B8ED-61E17B868BA7}.Release|Any CPU.ActiveCfg = Release|Any CPU
		{AC41A479-83C1-44D0-B8ED-61E17B868BA7}.Release|Any CPU.Build.0 = Release|Any CPU
		{65018817-5B83-42DD-8618-07416168A5DE}.Debug|Any CPU.ActiveCfg = Debug|Any CPU
		{65018817-5B83-42DD-8618-07416168A5DE}.Debug|Any CPU.Build.0 = Debug|Any CPU
		{65018817-5B83-42DD-8618-07416168A5DE}.Release|Any CPU.ActiveCfg = Release|Any CPU
		{65018817-5B83-42DD-8618-07416168A5DE}.Release|Any CPU.Build.0 = Release|Any CPU
		{16AC53A1-AD05-4904-A35C-B30C084B4E74}.Debug|Any CPU.ActiveCfg = Debug|Any CPU
		{16AC53A1-AD05-4904-A35C-B30C084B4E74}.Debug|Any CPU.Build.0 = Debug|Any CPU
		{16AC53A1-AD05-4904-A35C-B30C084B4E74}.Release|Any CPU.ActiveCfg = Release|Any CPU
		{16AC53A1-AD05-4904-A35C-B30C084B4E74}.Release|Any CPU.Build.0 = Release|Any CPU
		{C24C55D5-F961-4B3B-809D-E308FF89844D}.Debug|Any CPU.ActiveCfg = Debug|Any CPU
		{C24C55D5-F961-4B3B-809D-E308FF89844D}.Debug|Any CPU.Build.0 = Debug|Any CPU
		{C24C55D5-F961-4B3B-809D-E308FF89844D}.Release|Any CPU.ActiveCfg = Release|Any CPU
		{C24C55D5-F961-4B3B-809D-E308FF89844D}.Release|Any CPU.Build.0 = Release|Any CPU
		{59848C68-4E39-4933-AD8D-7458198DD9A5}.Debug|Any CPU.ActiveCfg = Debug|Any CPU
		{59848C68-4E39-4933-AD8D-7458198DD9A5}.Debug|Any CPU.Build.0 = Debug|Any CPU
		{59848C68-4E39-4933-AD8D-7458198DD9A5}.Release|Any CPU.ActiveCfg = Release|Any CPU
		{59848C68-4E39-4933-AD8D-7458198DD9A5}.Release|Any CPU.Build.0 = Release|Any CPU
	EndGlobalSection
	GlobalSection(SolutionProperties) = preSolution
		HideSolutionNode = FALSE
	EndGlobalSection
	GlobalSection(ExtensibilityGlobals) = postSolution
		SolutionGuid = {50E6460F-EF6F-4BA3-96BA-7FD41642146A}
	EndGlobalSection
EndGlobal
